
Microsoft Visual Studio Solution File, Format Version 12.00
# Visual Studio Version 17
VisualStudioVersion = 17.1.32414.318
MinimumVisualStudioVersion = 10.0.40219.1
Project("{FAE04EC0-301F-11D3-BF4B-00C04F79EFBC}") = "LyceeBalzacApi", "LyceeBalzacApi\LyceeBalzacApi.csproj", "{655E3B16-D6C4-451F-BF1A-3ED9C9575FC0}"
EndProject
Global
	GlobalSection(SolutionConfigurationPlatforms) = preSolution
		Debug|Any CPU = Debug|Any CPU
		Release|Any CPU = Release|Any CPU
	EndGlobalSection
	GlobalSection(ProjectConfigurationPlatforms) = postSolution
		{655E3B16-D6C4-451F-BF1A-3ED9C9575FC0}.Debug|Any CPU.ActiveCfg = Debug|Any CPU
		{655E3B16-D6C4-451F-BF1A-3ED9C9575FC0}.Debug|Any CPU.Build.0 = Debug|Any CPU
		{655E3B16-D6C4-451F-BF1A-3ED9C9575FC0}.Release|Any CPU.ActiveCfg = Release|Any CPU
		{655E3B16-D6C4-451F-BF1A-3ED9C9575FC0}.Release|Any CPU.Build.0 = Release|Any CPU
	EndGlobalSection
	GlobalSection(SolutionProperties) = preSolution
		HideSolutionNode = FALSE
	EndGlobalSection
	GlobalSection(ExtensibilityGlobals) = postSolution
		SolutionGuid = {40B119C3-3DA7-41B8-90C0-03AEC6EDC662}
	EndGlobalSection
EndGlobal
